
Microsoft Visual Studio Solution File, Format Version 12.00
# Visual Studio Version 17
VisualStudioVersion = 17.4.33205.214
MinimumVisualStudioVersion = 10.0.40219.1
Project("{FAE04EC0-301F-11D3-BF4B-00C04F79EFBC}") = "38. Problema sem POO", "38. Problema sem POO.csproj", "{FC55CD35-64A4-422E-8DB9-100F5D7CED44}"
EndProject
Global
	GlobalSection(SolutionConfigurationPlatforms) = preSolution
		Debug|Any CPU = Debug|Any CPU
		Release|Any CPU = Release|Any CPU
	EndGlobalSection
	GlobalSection(ProjectConfigurationPlatforms) = postSolution
		{FC55CD35-64A4-422E-8DB9-100F5D7CED44}.Debug|Any CPU.ActiveCfg = Debug|Any CPU
		{FC55CD35-64A4-422E-8DB9-100F5D7CED44}.Debug|Any CPU.Build.0 = Debug|Any CPU
		{FC55CD35-64A4-422E-8DB9-100F5D7CED44}.Release|Any CPU.ActiveCfg = Release|Any CPU
		{FC55CD35-64A4-422E-8DB9-100F5D7CED44}.Release|Any CPU.Build.0 = Release|Any CPU
	EndGlobalSection
	GlobalSection(SolutionProperties) = preSolution
		HideSolutionNode = FALSE
	EndGlobalSection
	GlobalSection(ExtensibilityGlobals) = postSolution
		SolutionGuid = {3926253D-8643-4794-AA2B-AE722E16275F}
	EndGlobalSection
EndGlobal
