
Microsoft Visual Studio Solution File, Format Version 12.00
# Visual Studio Version 17
VisualStudioVersion = 17.4.33205.214
MinimumVisualStudioVersion = 10.0.40219.1
Project("{FAE04EC0-301F-11D3-BF4B-00C04F79EFBC}") = "Exercício 07", "Exercício 07.csproj", "{AC85D7DA-7302-4DEB-9B09-30EC707036BB}"
EndProject
Global
	GlobalSection(SolutionConfigurationPlatforms) = preSolution
		Debug|Any CPU = Debug|Any CPU
		Release|Any CPU = Release|Any CPU
	EndGlobalSection
	GlobalSection(ProjectConfigurationPlatforms) = postSolution
		{AC85D7DA-7302-4DEB-9B09-30EC707036BB}.Debug|Any CPU.ActiveCfg = Debug|Any CPU
		{AC85D7DA-7302-4DEB-9B09-30EC707036BB}.Debug|Any CPU.Build.0 = Debug|Any CPU
		{AC85D7DA-7302-4DEB-9B09-30EC707036BB}.Release|Any CPU.ActiveCfg = Release|Any CPU
		{AC85D7DA-7302-4DEB-9B09-30EC707036BB}.Release|Any CPU.Build.0 = Release|Any CPU
	EndGlobalSection
	GlobalSection(SolutionProperties) = preSolution
		HideSolutionNode = FALSE
	EndGlobalSection
	GlobalSection(ExtensibilityGlobals) = postSolution
		SolutionGuid = {8FB0DF2A-AAEA-4890-A93B-8BBA28C54762}
	EndGlobalSection
EndGlobal
