
Microsoft Visual Studio Solution File, Format Version 12.00
# Visual Studio Version 17
VisualStudioVersion = 17.4.33205.214
MinimumVisualStudioVersion = 10.0.40219.1
Project("{FAE04EC0-301F-11D3-BF4B-00C04F79EFBC}") = "Exercício 02", "Exercício 02.csproj", "{965E332A-259E-4173-A5AC-FF7E89EA399D}"
EndProject
Global
	GlobalSection(SolutionConfigurationPlatforms) = preSolution
		Debug|Any CPU = Debug|Any CPU
		Release|Any CPU = Release|Any CPU
	EndGlobalSection
	GlobalSection(ProjectConfigurationPlatforms) = postSolution
		{965E332A-259E-4173-A5AC-FF7E89EA399D}.Debug|Any CPU.ActiveCfg = Debug|Any CPU
		{965E332A-259E-4173-A5AC-FF7E89EA399D}.Debug|Any CPU.Build.0 = Debug|Any CPU
		{965E332A-259E-4173-A5AC-FF7E89EA399D}.Release|Any CPU.ActiveCfg = Release|Any CPU
		{965E332A-259E-4173-A5AC-FF7E89EA399D}.Release|Any CPU.Build.0 = Release|Any CPU
	EndGlobalSection
	GlobalSection(SolutionProperties) = preSolution
		HideSolutionNode = FALSE
	EndGlobalSection
	GlobalSection(ExtensibilityGlobals) = postSolution
		SolutionGuid = {2B2F1C00-049B-4222-A2AF-5669234DDDD8}
	EndGlobalSection
EndGlobal
