
Microsoft Visual Studio Solution File, Format Version 12.00
# Visual Studio Version 17
VisualStudioVersion = 17.4.33205.214
MinimumVisualStudioVersion = 10.0.40219.1
Project("{FAE04EC0-301F-11D3-BF4B-00C04F79EFBC}") = "Exercício 03", "Exercício 03.csproj", "{F5B72FDB-D54C-4833-8A33-6CFC3CF32B10}"
EndProject
Global
	GlobalSection(SolutionConfigurationPlatforms) = preSolution
		Debug|Any CPU = Debug|Any CPU
		Release|Any CPU = Release|Any CPU
	EndGlobalSection
	GlobalSection(ProjectConfigurationPlatforms) = postSolution
		{F5B72FDB-D54C-4833-8A33-6CFC3CF32B10}.Debug|Any CPU.ActiveCfg = Debug|Any CPU
		{F5B72FDB-D54C-4833-8A33-6CFC3CF32B10}.Debug|Any CPU.Build.0 = Debug|Any CPU
		{F5B72FDB-D54C-4833-8A33-6CFC3CF32B10}.Release|Any CPU.ActiveCfg = Release|Any CPU
		{F5B72FDB-D54C-4833-8A33-6CFC3CF32B10}.Release|Any CPU.Build.0 = Release|Any CPU
	EndGlobalSection
	GlobalSection(SolutionProperties) = preSolution
		HideSolutionNode = FALSE
	EndGlobalSection
	GlobalSection(ExtensibilityGlobals) = postSolution
		SolutionGuid = {8832885F-0F19-4B08-9FCD-FE61733B507A}
	EndGlobalSection
EndGlobal
