
Microsoft Visual Studio Solution File, Format Version 12.00
# Visual Studio Version 17
VisualStudioVersion = 17.4.33205.214
MinimumVisualStudioVersion = 10.0.40219.1
Project("{FAE04EC0-301F-11D3-BF4B-00C04F79EFBC}") = "ConsoleApp1", "ConsoleApp1.csproj", "{5E7B9D37-F5A5-487A-B901-9FDA3E3BFF58}"
EndProject
Global
	GlobalSection(SolutionConfigurationPlatforms) = preSolution
		Debug|Any CPU = Debug|Any CPU
		Release|Any CPU = Release|Any CPU
	EndGlobalSection
	GlobalSection(ProjectConfigurationPlatforms) = postSolution
		{5E7B9D37-F5A5-487A-B901-9FDA3E3BFF58}.Debug|Any CPU.ActiveCfg = Debug|Any CPU
		{5E7B9D37-F5A5-487A-B901-9FDA3E3BFF58}.Debug|Any CPU.Build.0 = Debug|Any CPU
		{5E7B9D37-F5A5-487A-B901-9FDA3E3BFF58}.Release|Any CPU.ActiveCfg = Release|Any CPU
		{5E7B9D37-F5A5-487A-B901-9FDA3E3BFF58}.Release|Any CPU.Build.0 = Release|Any CPU
	EndGlobalSection
	GlobalSection(SolutionProperties) = preSolution
		HideSolutionNode = FALSE
	EndGlobalSection
	GlobalSection(ExtensibilityGlobals) = postSolution
		SolutionGuid = {2D7B600B-04FC-46EA-BA8E-3CF14730DF90}
	EndGlobalSection
EndGlobal
