
Microsoft Visual Studio Solution File, Format Version 12.00
# Visual Studio Version 17
VisualStudioVersion = 17.4.33205.214
MinimumVisualStudioVersion = 10.0.40219.1
Project("{FAE04EC0-301F-11D3-BF4B-00C04F79EFBC}") = "Exercício 03", "Exercício 03.csproj", "{D701A4E5-32D1-4591-AB84-AF2384D2F1CF}"
EndProject
Global
	GlobalSection(SolutionConfigurationPlatforms) = preSolution
		Debug|Any CPU = Debug|Any CPU
		Release|Any CPU = Release|Any CPU
	EndGlobalSection
	GlobalSection(ProjectConfigurationPlatforms) = postSolution
		{D701A4E5-32D1-4591-AB84-AF2384D2F1CF}.Debug|Any CPU.ActiveCfg = Debug|Any CPU
		{D701A4E5-32D1-4591-AB84-AF2384D2F1CF}.Debug|Any CPU.Build.0 = Debug|Any CPU
		{D701A4E5-32D1-4591-AB84-AF2384D2F1CF}.Release|Any CPU.ActiveCfg = Release|Any CPU
		{D701A4E5-32D1-4591-AB84-AF2384D2F1CF}.Release|Any CPU.Build.0 = Release|Any CPU
	EndGlobalSection
	GlobalSection(SolutionProperties) = preSolution
		HideSolutionNode = FALSE
	EndGlobalSection
	GlobalSection(ExtensibilityGlobals) = postSolution
		SolutionGuid = {21012E1F-9F3F-4573-A1AE-0BAD3246E695}
	EndGlobalSection
EndGlobal
