
Microsoft Visual Studio Solution File, Format Version 12.00
# Visual Studio Version 17
VisualStudioVersion = 17.4.33205.214
MinimumVisualStudioVersion = 10.0.40219.1
Project("{FAE04EC0-301F-11D3-BF4B-00C04F79EFBC}") = "Exercício 07", "Exercício 07.csproj", "{E2DC9BEF-7236-41FE-9797-7F1B7631EFD1}"
EndProject
Global
	GlobalSection(SolutionConfigurationPlatforms) = preSolution
		Debug|Any CPU = Debug|Any CPU
		Release|Any CPU = Release|Any CPU
	EndGlobalSection
	GlobalSection(ProjectConfigurationPlatforms) = postSolution
		{E2DC9BEF-7236-41FE-9797-7F1B7631EFD1}.Debug|Any CPU.ActiveCfg = Debug|Any CPU
		{E2DC9BEF-7236-41FE-9797-7F1B7631EFD1}.Debug|Any CPU.Build.0 = Debug|Any CPU
		{E2DC9BEF-7236-41FE-9797-7F1B7631EFD1}.Release|Any CPU.ActiveCfg = Release|Any CPU
		{E2DC9BEF-7236-41FE-9797-7F1B7631EFD1}.Release|Any CPU.Build.0 = Release|Any CPU
	EndGlobalSection
	GlobalSection(SolutionProperties) = preSolution
		HideSolutionNode = FALSE
	EndGlobalSection
	GlobalSection(ExtensibilityGlobals) = postSolution
		SolutionGuid = {21958E3F-7CE6-4F7B-B23F-A4E0388F3A75}
	EndGlobalSection
EndGlobal
