
Microsoft Visual Studio Solution File, Format Version 12.00
# Visual Studio Version 17
VisualStudioVersion = 17.4.33205.214
MinimumVisualStudioVersion = 10.0.40219.1
Project("{FAE04EC0-301F-11D3-BF4B-00C04F79EFBC}") = "42. Segundo problema exemplo", "42. Segundo problema exemplo.csproj", "{99EAF34A-A605-40AC-95BB-C6DA89860EB0}"
EndProject
Global
	GlobalSection(SolutionConfigurationPlatforms) = preSolution
		Debug|Any CPU = Debug|Any CPU
		Release|Any CPU = Release|Any CPU
	EndGlobalSection
	GlobalSection(ProjectConfigurationPlatforms) = postSolution
		{99EAF34A-A605-40AC-95BB-C6DA89860EB0}.Debug|Any CPU.ActiveCfg = Debug|Any CPU
		{99EAF34A-A605-40AC-95BB-C6DA89860EB0}.Debug|Any CPU.Build.0 = Debug|Any CPU
		{99EAF34A-A605-40AC-95BB-C6DA89860EB0}.Release|Any CPU.ActiveCfg = Release|Any CPU
		{99EAF34A-A605-40AC-95BB-C6DA89860EB0}.Release|Any CPU.Build.0 = Release|Any CPU
	EndGlobalSection
	GlobalSection(SolutionProperties) = preSolution
		HideSolutionNode = FALSE
	EndGlobalSection
	GlobalSection(ExtensibilityGlobals) = postSolution
		SolutionGuid = {D264481B-52A3-4970-A6BB-FB43F6106898}
	EndGlobalSection
EndGlobal
